
Microsoft Visual Studio Solution File, Format Version 11.00
# Visual Studio 2010
Project("{FAE04EC0-301F-11D3-BF4B-00C04F79EFBC}") = "FilefisherLib", "FilefisherLib\FilefisherLib.csproj", "{CDB91E6F-158A-4821-8E60-F3E9265A855A}"
EndProject
Project("{FAE04EC0-301F-11D3-BF4B-00C04F79EFBC}") = "FileScanner", "FileScanner\FileScanner.csproj", "{7C8FFD49-72A3-493A-B0C2-11B8215419A9}"
EndProject
Project("{FAE04EC0-301F-11D3-BF4B-00C04F79EFBC}") = "FileScannerTest", "FileScannerTest\FileScannerTest.csproj", "{F0FF5C0B-7365-4350-B9AC-F832806F44A5}"
EndProject
Project("{FAE04EC0-301F-11D3-BF4B-00C04F79EFBC}") = "FilefisherConsole", "FilefisherConsole\FilefisherConsole.csproj", "{8B3486C2-7BCA-4C63-A83E-DD833D8EFA7E}"
EndProject
Global
	GlobalSection(SolutionConfigurationPlatforms) = preSolution
		Debug|Any CPU = Debug|Any CPU
		Debug|Mixed Platforms = Debug|Mixed Platforms
		Debug|x86 = Debug|x86
		Release|Any CPU = Release|Any CPU
		Release|Mixed Platforms = Release|Mixed Platforms
		Release|x86 = Release|x86
	EndGlobalSection
	GlobalSection(ProjectConfigurationPlatforms) = postSolution
		{CDB91E6F-158A-4821-8E60-F3E9265A855A}.Debug|Any CPU.ActiveCfg = Debug|Any CPU
		{CDB91E6F-158A-4821-8E60-F3E9265A855A}.Debug|Any CPU.Build.0 = Debug|Any CPU
		{CDB91E6F-158A-4821-8E60-F3E9265A855A}.Debug|Mixed Platforms.ActiveCfg = Debug|Any CPU
		{CDB91E6F-158A-4821-8E60-F3E9265A855A}.Debug|Mixed Platforms.Build.0 = Debug|Any CPU
		{CDB91E6F-158A-4821-8E60-F3E9265A855A}.Debug|x86.ActiveCfg = Debug|Any CPU
		{CDB91E6F-158A-4821-8E60-F3E9265A855A}.Release|Any CPU.ActiveCfg = Release|Any CPU
		{CDB91E6F-158A-4821-8E60-F3E9265A855A}.Release|Any CPU.Build.0 = Release|Any CPU
		{CDB91E6F-158A-4821-8E60-F3E9265A855A}.Release|Mixed Platforms.ActiveCfg = Release|Any CPU
		{CDB91E6F-158A-4821-8E60-F3E9265A855A}.Release|Mixed Platforms.Build.0 = Release|Any CPU
		{CDB91E6F-158A-4821-8E60-F3E9265A855A}.Release|x86.ActiveCfg = Release|Any CPU
		{7C8FFD49-72A3-493A-B0C2-11B8215419A9}.Debug|Any CPU.ActiveCfg = Debug|Any CPU
		{7C8FFD49-72A3-493A-B0C2-11B8215419A9}.Debug|Any CPU.Build.0 = Debug|Any CPU
		{7C8FFD49-72A3-493A-B0C2-11B8215419A9}.Debug|Mixed Platforms.ActiveCfg = Debug|Any CPU
		{7C8FFD49-72A3-493A-B0C2-11B8215419A9}.Debug|Mixed Platforms.Build.0 = Debug|Any CPU
		{7C8FFD49-72A3-493A-B0C2-11B8215419A9}.Debug|x86.ActiveCfg = Debug|Any CPU
		{7C8FFD49-72A3-493A-B0C2-11B8215419A9}.Release|Any CPU.ActiveCfg = Release|Any CPU
		{7C8FFD49-72A3-493A-B0C2-11B8215419A9}.Release|Any CPU.Build.0 = Release|Any CPU
		{7C8FFD49-72A3-493A-B0C2-11B8215419A9}.Release|Mixed Platforms.ActiveCfg = Release|Any CPU
		{7C8FFD49-72A3-493A-B0C2-11B8215419A9}.Release|Mixed Platforms.Build.0 = Release|Any CPU
		{7C8FFD49-72A3-493A-B0C2-11B8215419A9}.Release|x86.ActiveCfg = Release|Any CPU
		{F0FF5C0B-7365-4350-B9AC-F832806F44A5}.Debug|Any CPU.ActiveCfg = Debug|Any CPU
		{F0FF5C0B-7365-4350-B9AC-F832806F44A5}.Debug|Any CPU.Build.0 = Debug|Any CPU
		{F0FF5C0B-7365-4350-B9AC-F832806F44A5}.Debug|Mixed Platforms.ActiveCfg = Debug|Any CPU
		{F0FF5C0B-7365-4350-B9AC-F832806F44A5}.Debug|Mixed Platforms.Build.0 = Debug|Any CPU
		{F0FF5C0B-7365-4350-B9AC-F832806F44A5}.Debug|x86.ActiveCfg = Debug|Any CPU
		{F0FF5C0B-7365-4350-B9AC-F832806F44A5}.Release|Any CPU.ActiveCfg = Release|Any CPU
		{F0FF5C0B-7365-4350-B9AC-F832806F44A5}.Release|Any CPU.Build.0 = Release|Any CPU
		{F0FF5C0B-7365-4350-B9AC-F832806F44A5}.Release|Mixed Platforms.ActiveCfg = Release|Any CPU
		{F0FF5C0B-7365-4350-B9AC-F832806F44A5}.Release|Mixed Platforms.Build.0 = Release|Any CPU
		{F0FF5C0B-7365-4350-B9AC-F832806F44A5}.Release|x86.ActiveCfg = Release|Any CPU
		{8B3486C2-7BCA-4C63-A83E-DD833D8EFA7E}.Debug|Any CPU.ActiveCfg = Debug|x86
		{8B3486C2-7BCA-4C63-A83E-DD833D8EFA7E}.Debug|Mixed Platforms.ActiveCfg = Debug|x86
		{8B3486C2-7BCA-4C63-A83E-DD833D8EFA7E}.Debug|Mixed Platforms.Build.0 = Debug|x86
		{8B3486C2-7BCA-4C63-A83E-DD833D8EFA7E}.Debug|x86.ActiveCfg = Debug|x86
		{8B3486C2-7BCA-4C63-A83E-DD833D8EFA7E}.Debug|x86.Build.0 = Debug|x86
		{8B3486C2-7BCA-4C63-A83E-DD833D8EFA7E}.Release|Any CPU.ActiveCfg = Release|x86
		{8B3486C2-7BCA-4C63-A83E-DD833D8EFA7E}.Release|Mixed Platforms.ActiveCfg = Release|x86
		{8B3486C2-7BCA-4C63-A83E-DD833D8EFA7E}.Release|Mixed Platforms.Build.0 = Release|x86
		{8B3486C2-7BCA-4C63-A83E-DD833D8EFA7E}.Release|x86.ActiveCfg = Release|x86
		{8B3486C2-7BCA-4C63-A83E-DD833D8EFA7E}.Release|x86.Build.0 = Release|x86
	EndGlobalSection
	GlobalSection(SolutionProperties) = preSolution
		HideSolutionNode = FALSE
	EndGlobalSection
EndGlobal
